{
  "name": "celestial-latte-theme",
  "lockfileVersion": 3,
  "requires": true,
  "packages": {
    "": {
      "name": "celestial-latte-theme",
      "dependencies": {
        "@catppuccin/palette": "^1.1.1",
        "celestial-latte-theme": "file:"
      }
    },
    "node_modules/@catppuccin/palette": {
      "version": "1.1.1",
      "resolved": "https://registry.npmjs.org/@catppuccin/palette/-/palette-1.1.1.tgz",
      "integrity": "sha512-wgITbl3OEIUnv8WPTdG2BGjepSMZtJW9V4XpxNDJjCvel0Q5+BxRmKH3XYN0vVjohHR+APCyZCpzSnO+GdsTLg==",
      "funding": [
        {
          "type": "opencollective",
          "url": "https://opencollective.com/catppuccin"
        },
        {
          "type": "github",
          "url": "https://github.com/sponsors/catppuccin"
        }
      ]
    },
    "node_modules/celestial-latte-theme": {
      "resolved": "",
      "link": true
    }
  }
}
